
Microsoft Visual Studio Solution File, Format Version 12.00
# Visual Studio Version 16
VisualStudioVersion = 16.0.31313.79
MinimumVisualStudioVersion = 10.0.40219.1
Project("{9A19103F-16F7-4668-BE54-9A1E7A4F7556}") = "DIO.Series", "DIO.Series.csproj", "{0BCAB3BE-C190-4CB6-9213-1920E34304D0}"
EndProject
Global
	GlobalSection(SolutionConfigurationPlatforms) = preSolution
		Debug|Any CPU = Debug|Any CPU
		Release|Any CPU = Release|Any CPU
	EndGlobalSection
	GlobalSection(ProjectConfigurationPlatforms) = postSolution
		{0BCAB3BE-C190-4CB6-9213-1920E34304D0}.Debug|Any CPU.ActiveCfg = Debug|Any CPU
		{0BCAB3BE-C190-4CB6-9213-1920E34304D0}.Debug|Any CPU.Build.0 = Debug|Any CPU
		{0BCAB3BE-C190-4CB6-9213-1920E34304D0}.Release|Any CPU.ActiveCfg = Release|Any CPU
		{0BCAB3BE-C190-4CB6-9213-1920E34304D0}.Release|Any CPU.Build.0 = Release|Any CPU
	EndGlobalSection
	GlobalSection(SolutionProperties) = preSolution
		HideSolutionNode = FALSE
	EndGlobalSection
	GlobalSection(ExtensibilityGlobals) = postSolution
		SolutionGuid = {9915F12B-C93B-4544-8F2A-E89FF04869DC}
	EndGlobalSection
EndGlobal
